
Microsoft Visual Studio Solution File, Format Version 12.00
# Visual Studio Version 17
VisualStudioVersion = 17.9.34701.34
MinimumVisualStudioVersion = 10.0.40219.1
Project("{2150E333-8FDC-42A3-9474-1A3956D46DE8}") = "Services", "Services", "{E5BE9B24-0128-477F-8A3B-3E1DFEA07055}"
EndProject
Project("{2150E333-8FDC-42A3-9474-1A3956D46DE8}") = "Catalog", "Catalog", "{4D4DBB91-1676-4D63-A192-748590ED777B}"
EndProject
Project("{9A19103F-16F7-4668-BE54-9A1E7A4F7556}") = "MultiShop.Catalog", "Services\Catalog\MultiShop.Catalog\MultiShop.Catalog.csproj", "{BCB1A9EA-B1D7-49F9-9E15-8B9A76A2F846}"
EndProject
Project("{2150E333-8FDC-42A3-9474-1A3956D46DE8}") = "Discount", "Discount", "{50434306-C5B2-4F75-B672-08C5C42007EA}"
EndProject
Project("{9A19103F-16F7-4668-BE54-9A1E7A4F7556}") = "MultiShop.Discount", "Services\Discount\MultiShop.Discount\MultiShop.Discount.csproj", "{1C9AF64D-34A1-401D-B525-E23DA47CD011}"
EndProject
Project("{2150E333-8FDC-42A3-9474-1A3956D46DE8}") = "Order", "Order", "{63FC11B3-515A-4A9D-B681-D77EA4E0F9BE}"
EndProject
Project("{2150E333-8FDC-42A3-9474-1A3956D46DE8}") = "Core", "Core", "{BE8C3332-9262-434D-B6E4-3B90162E35A2}"
EndProject
Project("{2150E333-8FDC-42A3-9474-1A3956D46DE8}") = "Infrastructure", "Infrastructure", "{FDF58314-C4A4-4D08-BFF9-EA08047F8E3D}"
EndProject
Project("{2150E333-8FDC-42A3-9474-1A3956D46DE8}") = "Presentation", "Presentation", "{730A0DF4-8C8F-45F1-A6EA-8EC8D2B8145C}"
EndProject
Project("{FAE04EC0-301F-11D3-BF4B-00C04F79EFBC}") = "MultiShop.Order.Domain", "Services\Order\Core\MultiShop.Order.Domain\MultiShop.Order.Domain.csproj", "{3399B925-8516-46CF-9345-49033110FE66}"
EndProject
Project("{FAE04EC0-301F-11D3-BF4B-00C04F79EFBC}") = "MultiShop.Order.Application", "Services\Order\Core\MultiShop.Order.Application\MultiShop.Order.Application.csproj", "{8A920000-BBDC-42F7-AB11-4482E4D0E5CD}"
EndProject
Project("{FAE04EC0-301F-11D3-BF4B-00C04F79EFBC}") = "MultiShop.Order.Persistence", "Services\Order\Infrastructure\MultiShop.Order.Persistence\MultiShop.Order.Persistence.csproj", "{07233C91-64ED-4213-BA5A-7238640CA0DB}"
EndProject
Project("{FAE04EC0-301F-11D3-BF4B-00C04F79EFBC}") = "MultiShop.Order.WebApi", "Services\Order\Presentation\MultiShop.Order.WebApi\MultiShop.Order.WebApi.csproj", "{642B5FC4-2A1A-4C6B-B591-95E2558E064E}"
EndProject
Global
	GlobalSection(SolutionConfigurationPlatforms) = preSolution
		Debug|Any CPU = Debug|Any CPU
		Release|Any CPU = Release|Any CPU
	EndGlobalSection
	GlobalSection(ProjectConfigurationPlatforms) = postSolution
		{BCB1A9EA-B1D7-49F9-9E15-8B9A76A2F846}.Debug|Any CPU.ActiveCfg = Debug|Any CPU
		{BCB1A9EA-B1D7-49F9-9E15-8B9A76A2F846}.Debug|Any CPU.Build.0 = Debug|Any CPU
		{BCB1A9EA-B1D7-49F9-9E15-8B9A76A2F846}.Release|Any CPU.ActiveCfg = Release|Any CPU
		{BCB1A9EA-B1D7-49F9-9E15-8B9A76A2F846}.Release|Any CPU.Build.0 = Release|Any CPU
		{1C9AF64D-34A1-401D-B525-E23DA47CD011}.Debug|Any CPU.ActiveCfg = Debug|Any CPU
		{1C9AF64D-34A1-401D-B525-E23DA47CD011}.Debug|Any CPU.Build.0 = Debug|Any CPU
		{1C9AF64D-34A1-401D-B525-E23DA47CD011}.Release|Any CPU.ActiveCfg = Release|Any CPU
		{1C9AF64D-34A1-401D-B525-E23DA47CD011}.Release|Any CPU.Build.0 = Release|Any CPU
		{3399B925-8516-46CF-9345-49033110FE66}.Debug|Any CPU.ActiveCfg = Debug|Any CPU
		{3399B925-8516-46CF-9345-49033110FE66}.Debug|Any CPU.Build.0 = Debug|Any CPU
		{3399B925-8516-46CF-9345-49033110FE66}.Release|Any CPU.ActiveCfg = Release|Any CPU
		{3399B925-8516-46CF-9345-49033110FE66}.Release|Any CPU.Build.0 = Release|Any CPU
		{8A920000-BBDC-42F7-AB11-4482E4D0E5CD}.Debug|Any CPU.ActiveCfg = Debug|Any CPU
		{8A920000-BBDC-42F7-AB11-4482E4D0E5CD}.Debug|Any CPU.Build.0 = Debug|Any CPU
		{8A920000-BBDC-42F7-AB11-4482E4D0E5CD}.Release|Any CPU.ActiveCfg = Release|Any CPU
		{8A920000-BBDC-42F7-AB11-4482E4D0E5CD}.Release|Any CPU.Build.0 = Release|Any CPU
		{07233C91-64ED-4213-BA5A-7238640CA0DB}.Debug|Any CPU.ActiveCfg = Debug|Any CPU
		{07233C91-64ED-4213-BA5A-7238640CA0DB}.Debug|Any CPU.Build.0 = Debug|Any CPU
		{07233C91-64ED-4213-BA5A-7238640CA0DB}.Release|Any CPU.ActiveCfg = Release|Any CPU
		{07233C91-64ED-4213-BA5A-7238640CA0DB}.Release|Any CPU.Build.0 = Release|Any CPU
		{642B5FC4-2A1A-4C6B-B591-95E2558E064E}.Debug|Any CPU.ActiveCfg = Debug|Any CPU
		{642B5FC4-2A1A-4C6B-B591-95E2558E064E}.Debug|Any CPU.Build.0 = Debug|Any CPU
		{642B5FC4-2A1A-4C6B-B591-95E2558E064E}.Release|Any CPU.ActiveCfg = Release|Any CPU
		{642B5FC4-2A1A-4C6B-B591-95E2558E064E}.Release|Any CPU.Build.0 = Release|Any CPU
	EndGlobalSection
	GlobalSection(SolutionProperties) = preSolution
		HideSolutionNode = FALSE
	EndGlobalSection
	GlobalSection(NestedProjects) = preSolution
		{4D4DBB91-1676-4D63-A192-748590ED777B} = {E5BE9B24-0128-477F-8A3B-3E1DFEA07055}
		{BCB1A9EA-B1D7-49F9-9E15-8B9A76A2F846} = {4D4DBB91-1676-4D63-A192-748590ED777B}
		{50434306-C5B2-4F75-B672-08C5C42007EA} = {E5BE9B24-0128-477F-8A3B-3E1DFEA07055}
		{1C9AF64D-34A1-401D-B525-E23DA47CD011} = {50434306-C5B2-4F75-B672-08C5C42007EA}
		{63FC11B3-515A-4A9D-B681-D77EA4E0F9BE} = {E5BE9B24-0128-477F-8A3B-3E1DFEA07055}
		{BE8C3332-9262-434D-B6E4-3B90162E35A2} = {63FC11B3-515A-4A9D-B681-D77EA4E0F9BE}
		{FDF58314-C4A4-4D08-BFF9-EA08047F8E3D} = {63FC11B3-515A-4A9D-B681-D77EA4E0F9BE}
		{730A0DF4-8C8F-45F1-A6EA-8EC8D2B8145C} = {63FC11B3-515A-4A9D-B681-D77EA4E0F9BE}
		{3399B925-8516-46CF-9345-49033110FE66} = {BE8C3332-9262-434D-B6E4-3B90162E35A2}
		{8A920000-BBDC-42F7-AB11-4482E4D0E5CD} = {BE8C3332-9262-434D-B6E4-3B90162E35A2}
		{07233C91-64ED-4213-BA5A-7238640CA0DB} = {FDF58314-C4A4-4D08-BFF9-EA08047F8E3D}
		{642B5FC4-2A1A-4C6B-B591-95E2558E064E} = {730A0DF4-8C8F-45F1-A6EA-8EC8D2B8145C}
	EndGlobalSection
	GlobalSection(ExtensibilityGlobals) = postSolution
		SolutionGuid = {F78B9EA4-4E15-42CB-917D-B466F62FDFF2}
	EndGlobalSection
EndGlobal
